<?xml version="1.0" encoding="utf-8"?>
<Project ToolsVersion="4.0" xmlns="http://schemas.microsoft.com/developer/msbuild/2003">
  <ItemGroup>
    <ClCompile Include="dung.cpp" />
    <ClCompile Include="sha1.cpp" />
    <ClCompile Include="memoryblock.cpp" />
  </ItemGroup>
  <ItemGroup>
    <ClInclude Include="dung.h" />
    <ClInclude Include="sha1.h" />
    <ClInclude Include="memoryblock.h" />
  </ItemGroup>
</Project>