<?xml version="1.0" encoding="utf-8"?>
<Project ToolsVersion="4.0" xmlns="http://schemas.microsoft.com/developer/msbuild/2003">
  <ItemGroup>
    <ClCompile Include="..\external\zlib\contrib\minizip\ioapi.c">
      <Filter>minizip</Filter>
    </ClCompile>
    <ClCompile Include="..\external\zlib\contrib\minizip\iowin32.c">
      <Filter>minizip</Filter>
    </ClCompile>
    <ClCompile Include="..\external\zlib\contrib\minizip\mztools.c">
      <Filter>minizip</Filter>
    </ClCompile>
    <ClCompile Include="..\external\zlib\contrib\minizip\unzip.c">
      <Filter>minizip</Filter>
    </ClCompile>
    <ClCompile Include="..\external\zlib\contrib\minizip\zip.c">
      <Filter>minizip</Filter>
    </ClCompile>
    <ClCompile Include="..\external\zlib\adler32.c">
      <Filter>zlib</Filter>
    </ClCompile>
    <ClCompile Include="..\external\zlib\compress.c">
      <Filter>zlib</Filter>
    </ClCompile>
    <ClCompile Include="..\external\zlib\crc32.c">
      <Filter>zlib</Filter>
    </ClCompile>
    <ClCompile Include="..\external\zlib\deflate.c">
      <Filter>zlib</Filter>
    </ClCompile>
    <ClCompile Include="..\external\zlib\inffast.c">
      <Filter>zlib</Filter>
    </ClCompile>
    <ClCompile Include="..\external\zlib\inflate.c">
      <Filter>zlib</Filter>
    </ClCompile>
    <ClCompile Include="..\external\zlib\inftrees.c">
      <Filter>zlib</Filter>
    </ClCompile>
    <ClCompile Include="..\external\zlib\trees.c">
      <Filter>zlib</Filter>
    </ClCompile>
    <ClCompile Include="..\external\zlib\uncompr.c">
      <Filter>zlib</Filter>
    </ClCompile>
    <ClCompile Include="..\external\zlib\zutil.c">
      <Filter>zlib</Filter>
    </ClCompile>
    <ClCompile Include="minizip.cpp" />
  </ItemGroup>
  <ItemGroup>
    <ClInclude Include="..\external\zlib\contrib\minizip\crypt.h">
      <Filter>minizip</Filter>
    </ClInclude>
    <ClInclude Include="..\external\zlib\contrib\minizip\ioapi.h">
      <Filter>minizip</Filter>
    </ClInclude>
    <ClInclude Include="..\external\zlib\contrib\minizip\iowin32.h">
      <Filter>minizip</Filter>
    </ClInclude>
    <ClInclude Include="..\external\zlib\contrib\minizip\mztools.h">
      <Filter>minizip</Filter>
    </ClInclude>
    <ClInclude Include="..\external\zlib\contrib\minizip\unzip.h">
      <Filter>minizip</Filter>
    </ClInclude>
    <ClInclude Include="..\external\zlib\contrib\minizip\zip.h">
      <Filter>minizip</Filter>
    </ClInclude>
    <ClInclude Include="..\external\zlib\zutil.h">
      <Filter>zlib</Filter>
    </ClInclude>
    <ClInclude Include="..\external\zlib\crc32.h">
      <Filter>zlib</Filter>
    </ClInclude>
    <ClInclude Include="..\external\zlib\deflate.h">
      <Filter>zlib</Filter>
    </ClInclude>
    <ClInclude Include="..\external\zlib\inffast.h">
      <Filter>zlib</Filter>
    </ClInclude>
    <ClInclude Include="..\external\zlib\inffixed.h">
      <Filter>zlib</Filter>
    </ClInclude>
    <ClInclude Include="..\external\zlib\inflate.h">
      <Filter>zlib</Filter>
    </ClInclude>
    <ClInclude Include="..\external\zlib\inftrees.h">
      <Filter>zlib</Filter>
    </ClInclude>
    <ClInclude Include="..\external\zlib\trees.h">
      <Filter>zlib</Filter>
    </ClInclude>
    <ClInclude Include="..\external\zlib\zconf.h">
      <Filter>zlib</Filter>
    </ClInclude>
    <ClInclude Include="..\external\zlib\zlib.h">
      <Filter>zlib</Filter>
    </ClInclude>
    <ClInclude Include="minizip.h" />
  </ItemGroup>
  <ItemGroup>
    <Filter Include="minizip">
      <UniqueIdentifier>{b0699a84-000b-46a0-b0a1-a8d7d923f6d5}</UniqueIdentifier>
    </Filter>
    <Filter Include="zlib">
      <UniqueIdentifier>{aabed41e-478f-4ee3-a023-f4f807c5ecc0}</UniqueIdentifier>
    </Filter>
  </ItemGroup>
</Project>